# This file is autogenerated, do not edit; changes may be undone by the next 'dep ensure'.


[[projects]]
  digest = "1:e9a0fa7c2dfc90e0fae16be5825ad98074d8704f5fcebfdc289a8e8fb0f8e4b5"
  name = "github.com/go-ldap/ldap"
  packages = ["."]
  pruneopts = "UT"
  revision = "9f0d712775a0973b7824a1585a86a4ea1d5263d9"
  version = "v3.0.3"

[[projects]]
  digest = "1:af07c44dc04418be522bfd4e21ca9130d58169ea084e3a883e23772003a381c4"
  name = "gopkg.in/asn1-ber.v1"
  packages = ["."]
  pruneopts = "UT"
  revision = "f715ec2f112d1e4195b827ad68cf44017a3ef2b1"
  version = "v1.3"

[solve-meta]
  analyzer-name = "dep"
  analyzer-version = 1
  input-imports = ["github.com/go-ldap/ldap"]
  solver-name = "gps-cdcl"
  solver-version = 1
